
Microsoft Visual Studio Solution File, Format Version 12.00
# Visual Studio Version 17
VisualStudioVersion = 17.8.34309.116
MinimumVisualStudioVersion = 10.0.40219.1
Project("{FAE04EC0-301F-11D3-BF4B-00C04F79EFBC}") = "blazorAzure", "blazorAzure.csproj", "{01758F32-BDFD-42C4-96E7-A60BCAF1C8CC}"
EndProject
Global
	GlobalSection(SolutionConfigurationPlatforms) = preSolution
		Debug|Any CPU = Debug|Any CPU
		Release|Any CPU = Release|Any CPU
	EndGlobalSection
	GlobalSection(ProjectConfigurationPlatforms) = postSolution
		{01758F32-BDFD-42C4-96E7-A60BCAF1C8CC}.Debug|Any CPU.ActiveCfg = Debug|Any CPU
		{01758F32-BDFD-42C4-96E7-A60BCAF1C8CC}.Debug|Any CPU.Build.0 = Debug|Any CPU
		{01758F32-BDFD-42C4-96E7-A60BCAF1C8CC}.Release|Any CPU.ActiveCfg = Release|Any CPU
		{01758F32-BDFD-42C4-96E7-A60BCAF1C8CC}.Release|Any CPU.Build.0 = Release|Any CPU
	EndGlobalSection
	GlobalSection(SolutionProperties) = preSolution
		HideSolutionNode = FALSE
	EndGlobalSection
	GlobalSection(ExtensibilityGlobals) = postSolution
		SolutionGuid = {77DCF7E9-F0E0-4544-B341-A07FDC018C92}
	EndGlobalSection
EndGlobal
